
Microsoft Visual Studio Solution File, Format Version 12.00
# Visual Studio Version 17
VisualStudioVersion = 17.0.32112.339
MinimumVisualStudioVersion = 10.0.40219.1
Project("{FAE04EC0-301F-11D3-BF4B-00C04F79EFBC}") = "challenge 6 spirograph", "challenge 6 spirograph.csproj", "{09768DEE-4548-40F2-B434-2522988714C0}"
EndProject
Global
	GlobalSection(SolutionConfigurationPlatforms) = preSolution
		Debug|Any CPU = Debug|Any CPU
		Release|Any CPU = Release|Any CPU
	EndGlobalSection
	GlobalSection(ProjectConfigurationPlatforms) = postSolution
		{09768DEE-4548-40F2-B434-2522988714C0}.Debug|Any CPU.ActiveCfg = Debug|Any CPU
		{09768DEE-4548-40F2-B434-2522988714C0}.Debug|Any CPU.Build.0 = Debug|Any CPU
		{09768DEE-4548-40F2-B434-2522988714C0}.Release|Any CPU.ActiveCfg = Release|Any CPU
		{09768DEE-4548-40F2-B434-2522988714C0}.Release|Any CPU.Build.0 = Release|Any CPU
	EndGlobalSection
	GlobalSection(SolutionProperties) = preSolution
		HideSolutionNode = FALSE
	EndGlobalSection
	GlobalSection(ExtensibilityGlobals) = postSolution
		SolutionGuid = {DAFDF878-B3D8-42A6-B7BF-BE18552CDAAF}
	EndGlobalSection
EndGlobal
