
Microsoft Visual Studio Solution File, Format Version 12.00
# Visual Studio Version 17
VisualStudioVersion = 17.0.32112.339
MinimumVisualStudioVersion = 10.0.40219.1
Project("{FAE04EC0-301F-11D3-BF4B-00C04F79EFBC}") = "computational challenge 1 keplers third law", "computational challenge 1 keplers third law.csproj", "{F09ADC17-3D02-4046-93C5-80CBA3D89555}"
EndProject
Global
	GlobalSection(SolutionConfigurationPlatforms) = preSolution
		Debug|Any CPU = Debug|Any CPU
		Release|Any CPU = Release|Any CPU
	EndGlobalSection
	GlobalSection(ProjectConfigurationPlatforms) = postSolution
		{F09ADC17-3D02-4046-93C5-80CBA3D89555}.Debug|Any CPU.ActiveCfg = Debug|Any CPU
		{F09ADC17-3D02-4046-93C5-80CBA3D89555}.Debug|Any CPU.Build.0 = Debug|Any CPU
		{F09ADC17-3D02-4046-93C5-80CBA3D89555}.Release|Any CPU.ActiveCfg = Release|Any CPU
		{F09ADC17-3D02-4046-93C5-80CBA3D89555}.Release|Any CPU.Build.0 = Release|Any CPU
	EndGlobalSection
	GlobalSection(SolutionProperties) = preSolution
		HideSolutionNode = FALSE
	EndGlobalSection
	GlobalSection(ExtensibilityGlobals) = postSolution
		SolutionGuid = {B5C56CF3-5E5F-4554-811B-560801CA5EEE}
	EndGlobalSection
EndGlobal
