
Microsoft Visual Studio Solution File, Format Version 12.00
# Visual Studio Version 17
VisualStudioVersion = 17.0.32112.339
MinimumVisualStudioVersion = 10.0.40219.1
Project("{FAE04EC0-301F-11D3-BF4B-00C04F79EFBC}") = "challenge 7 geocentric", "challenge 7 geocentric.csproj", "{0DB0A5E2-775B-472E-B28D-8D2FB05E5F99}"
EndProject
Global
	GlobalSection(SolutionConfigurationPlatforms) = preSolution
		Debug|Any CPU = Debug|Any CPU
		Release|Any CPU = Release|Any CPU
	EndGlobalSection
	GlobalSection(ProjectConfigurationPlatforms) = postSolution
		{0DB0A5E2-775B-472E-B28D-8D2FB05E5F99}.Debug|Any CPU.ActiveCfg = Debug|Any CPU
		{0DB0A5E2-775B-472E-B28D-8D2FB05E5F99}.Debug|Any CPU.Build.0 = Debug|Any CPU
		{0DB0A5E2-775B-472E-B28D-8D2FB05E5F99}.Release|Any CPU.ActiveCfg = Release|Any CPU
		{0DB0A5E2-775B-472E-B28D-8D2FB05E5F99}.Release|Any CPU.Build.0 = Release|Any CPU
	EndGlobalSection
	GlobalSection(SolutionProperties) = preSolution
		HideSolutionNode = FALSE
	EndGlobalSection
	GlobalSection(ExtensibilityGlobals) = postSolution
		SolutionGuid = {EB7F2CB5-1E8D-49C9-8E12-B1230D573187}
	EndGlobalSection
EndGlobal
